
Microsoft Visual Studio Solution File, Format Version 12.00
# Visual Studio Version 16
VisualStudioVersion = 16.0.31005.135
MinimumVisualStudioVersion = 10.0.40219.1
Project("{FAE04EC0-301F-11D3-BF4B-00C04F79EFBC}") = "VioletArchive", "VioletArchive.csproj", "{02C3E7E2-8895-4FDE-94A9-070CEB895D3C}"
EndProject
Global
	GlobalSection(SolutionConfigurationPlatforms) = preSolution
		Debug|Any CPU = Debug|Any CPU
		Release|Any CPU = Release|Any CPU
	EndGlobalSection
	GlobalSection(ProjectConfigurationPlatforms) = postSolution
		{02C3E7E2-8895-4FDE-94A9-070CEB895D3C}.Debug|Any CPU.ActiveCfg = Debug|Any CPU
		{02C3E7E2-8895-4FDE-94A9-070CEB895D3C}.Debug|Any CPU.Build.0 = Debug|Any CPU
		{02C3E7E2-8895-4FDE-94A9-070CEB895D3C}.Release|Any CPU.ActiveCfg = Release|Any CPU
		{02C3E7E2-8895-4FDE-94A9-070CEB895D3C}.Release|Any CPU.Build.0 = Release|Any CPU
	EndGlobalSection
	GlobalSection(SolutionProperties) = preSolution
		HideSolutionNode = FALSE
	EndGlobalSection
	GlobalSection(ExtensibilityGlobals) = postSolution
		SolutionGuid = {698B3B4C-741A-4B73-9611-22DD064029E8}
	EndGlobalSection
EndGlobal
